
Microsoft Visual Studio Solution File, Format Version 12.00
# Visual Studio Version 17
VisualStudioVersion = 17.0.32014.148
MinimumVisualStudioVersion = 10.0.40219.1
Project("{2150E333-8FDC-42A3-9474-1A3956D46DE8}") = "Data", "Data", "{DEE271F1-7232-4220-9DD8-5537A5C8218D}"
EndProject
Project("{2150E333-8FDC-42A3-9474-1A3956D46DE8}") = "System", "System", "{6B26901D-23F8-4428-8765-D6974084F655}"
EndProject
Project("{2150E333-8FDC-42A3-9474-1A3956D46DE8}") = "Services", "Services", "{BB806B4E-1700-4BEF-81F3-781813AC68BA}"
EndProject
Project("{2150E333-8FDC-42A3-9474-1A3956D46DE8}") = "Shared", "Shared", "{5C2B95F9-D8B3-4CA8-8349-24971D2BEB09}"
EndProject
Project("{2150E333-8FDC-42A3-9474-1A3956D46DE8}") = "Api", "Api", "{B9A43D42-5987-4405-BAF9-75945A3B9C56}"
EndProject
Project("{9A19103F-16F7-4668-BE54-9A1E7A4F7556}") = "rewriter.Shared.Common", "Shared\rewriter.Shared.Common\rewriter.Shared.Common.csproj", "{E80D4509-1465-4FE0-A830-A2D6FF667B76}"
EndProject
Project("{2150E333-8FDC-42A3-9474-1A3956D46DE8}") = "Identity", "Identity", "{94B6577A-839B-40AF-8589-39CA1DBCF56B}"
EndProject
Project("{9A19103F-16F7-4668-BE54-9A1E7A4F7556}") = "rewriter.identity", "System\Identity\rewriter.identity\rewriter.identity.csproj", "{FB7D9F50-238A-498A-BFBE-1BBDF7042916}"
EndProject
Project("{9A19103F-16F7-4668-BE54-9A1E7A4F7556}") = "rewriter.api", "System\Api\rewriter.api\rewriter.api.csproj", "{DC22A1E2-73C6-496F-9E54-8118049A9D48}"
EndProject
Project("{E53339B2-1760-4266-BCC7-CA923CBCF16C}") = "docker-compose", "docker-compose.dcproj", "{15D03CBA-4A77-4944-B478-C6DD6FE4BA4B}"
EndProject
Project("{9A19103F-16F7-4668-BE54-9A1E7A4F7556}") = "rewriter.Shared.Settings", "Shared\rewriter.Shared.Settings\rewriter.Shared.Settings.csproj", "{5100820D-7ABC-4DC3-9B1A-797610D5FAE0}"
EndProject
Project("{FAE04EC0-301F-11D3-BF4B-00C04F79EFBC}") = "rewriter.Settings", "Service\rewriter.Settings\rewriter.Settings.csproj", "{961DC69B-1856-4D4F-95ED-5448F3C1B019}"
EndProject
Project("{FAE04EC0-301F-11D3-BF4B-00C04F79EFBC}") = "Db.Entities", "Data\Db.Entities\Db.Entities.csproj", "{9D045E91-41CF-4AEF-B09F-8EE3827A31BF}"
EndProject
Project("{FAE04EC0-301F-11D3-BF4B-00C04F79EFBC}") = "Db.Context", "Data\Db.Context\Db.Context.csproj", "{AD832CC1-9AE9-424E-A9DC-4A5ECD8B01FA}"
EndProject
Global
	GlobalSection(SolutionConfigurationPlatforms) = preSolution
		Debug|Any CPU = Debug|Any CPU
		Release|Any CPU = Release|Any CPU
	EndGlobalSection
	GlobalSection(ProjectConfigurationPlatforms) = postSolution
		{E80D4509-1465-4FE0-A830-A2D6FF667B76}.Debug|Any CPU.ActiveCfg = Debug|Any CPU
		{E80D4509-1465-4FE0-A830-A2D6FF667B76}.Debug|Any CPU.Build.0 = Debug|Any CPU
		{E80D4509-1465-4FE0-A830-A2D6FF667B76}.Release|Any CPU.ActiveCfg = Release|Any CPU
		{E80D4509-1465-4FE0-A830-A2D6FF667B76}.Release|Any CPU.Build.0 = Release|Any CPU
		{FB7D9F50-238A-498A-BFBE-1BBDF7042916}.Debug|Any CPU.ActiveCfg = Debug|Any CPU
		{FB7D9F50-238A-498A-BFBE-1BBDF7042916}.Debug|Any CPU.Build.0 = Debug|Any CPU
		{FB7D9F50-238A-498A-BFBE-1BBDF7042916}.Release|Any CPU.ActiveCfg = Release|Any CPU
		{FB7D9F50-238A-498A-BFBE-1BBDF7042916}.Release|Any CPU.Build.0 = Release|Any CPU
		{DC22A1E2-73C6-496F-9E54-8118049A9D48}.Debug|Any CPU.ActiveCfg = Debug|Any CPU
		{DC22A1E2-73C6-496F-9E54-8118049A9D48}.Debug|Any CPU.Build.0 = Debug|Any CPU
		{DC22A1E2-73C6-496F-9E54-8118049A9D48}.Release|Any CPU.ActiveCfg = Release|Any CPU
		{DC22A1E2-73C6-496F-9E54-8118049A9D48}.Release|Any CPU.Build.0 = Release|Any CPU
		{15D03CBA-4A77-4944-B478-C6DD6FE4BA4B}.Debug|Any CPU.ActiveCfg = Debug|Any CPU
		{15D03CBA-4A77-4944-B478-C6DD6FE4BA4B}.Debug|Any CPU.Build.0 = Debug|Any CPU
		{15D03CBA-4A77-4944-B478-C6DD6FE4BA4B}.Release|Any CPU.ActiveCfg = Release|Any CPU
		{15D03CBA-4A77-4944-B478-C6DD6FE4BA4B}.Release|Any CPU.Build.0 = Release|Any CPU
		{5100820D-7ABC-4DC3-9B1A-797610D5FAE0}.Debug|Any CPU.ActiveCfg = Debug|Any CPU
		{5100820D-7ABC-4DC3-9B1A-797610D5FAE0}.Debug|Any CPU.Build.0 = Debug|Any CPU
		{5100820D-7ABC-4DC3-9B1A-797610D5FAE0}.Release|Any CPU.ActiveCfg = Release|Any CPU
		{5100820D-7ABC-4DC3-9B1A-797610D5FAE0}.Release|Any CPU.Build.0 = Release|Any CPU
		{961DC69B-1856-4D4F-95ED-5448F3C1B019}.Debug|Any CPU.ActiveCfg = Debug|Any CPU
		{961DC69B-1856-4D4F-95ED-5448F3C1B019}.Debug|Any CPU.Build.0 = Debug|Any CPU
		{961DC69B-1856-4D4F-95ED-5448F3C1B019}.Release|Any CPU.ActiveCfg = Release|Any CPU
		{961DC69B-1856-4D4F-95ED-5448F3C1B019}.Release|Any CPU.Build.0 = Release|Any CPU
		{9D045E91-41CF-4AEF-B09F-8EE3827A31BF}.Debug|Any CPU.ActiveCfg = Debug|Any CPU
		{9D045E91-41CF-4AEF-B09F-8EE3827A31BF}.Debug|Any CPU.Build.0 = Debug|Any CPU
		{9D045E91-41CF-4AEF-B09F-8EE3827A31BF}.Release|Any CPU.ActiveCfg = Release|Any CPU
		{9D045E91-41CF-4AEF-B09F-8EE3827A31BF}.Release|Any CPU.Build.0 = Release|Any CPU
		{AD832CC1-9AE9-424E-A9DC-4A5ECD8B01FA}.Debug|Any CPU.ActiveCfg = Debug|Any CPU
		{AD832CC1-9AE9-424E-A9DC-4A5ECD8B01FA}.Debug|Any CPU.Build.0 = Debug|Any CPU
		{AD832CC1-9AE9-424E-A9DC-4A5ECD8B01FA}.Release|Any CPU.ActiveCfg = Release|Any CPU
		{AD832CC1-9AE9-424E-A9DC-4A5ECD8B01FA}.Release|Any CPU.Build.0 = Release|Any CPU
	EndGlobalSection
	GlobalSection(SolutionProperties) = preSolution
		HideSolutionNode = FALSE
	EndGlobalSection
	GlobalSection(NestedProjects) = preSolution
		{B9A43D42-5987-4405-BAF9-75945A3B9C56} = {6B26901D-23F8-4428-8765-D6974084F655}
		{E80D4509-1465-4FE0-A830-A2D6FF667B76} = {5C2B95F9-D8B3-4CA8-8349-24971D2BEB09}
		{94B6577A-839B-40AF-8589-39CA1DBCF56B} = {6B26901D-23F8-4428-8765-D6974084F655}
		{FB7D9F50-238A-498A-BFBE-1BBDF7042916} = {94B6577A-839B-40AF-8589-39CA1DBCF56B}
		{DC22A1E2-73C6-496F-9E54-8118049A9D48} = {B9A43D42-5987-4405-BAF9-75945A3B9C56}
		{5100820D-7ABC-4DC3-9B1A-797610D5FAE0} = {5C2B95F9-D8B3-4CA8-8349-24971D2BEB09}
		{961DC69B-1856-4D4F-95ED-5448F3C1B019} = {BB806B4E-1700-4BEF-81F3-781813AC68BA}
		{9D045E91-41CF-4AEF-B09F-8EE3827A31BF} = {DEE271F1-7232-4220-9DD8-5537A5C8218D}
		{AD832CC1-9AE9-424E-A9DC-4A5ECD8B01FA} = {DEE271F1-7232-4220-9DD8-5537A5C8218D}
	EndGlobalSection
	GlobalSection(ExtensibilityGlobals) = postSolution
		SolutionGuid = {90B4EF29-CD1A-4C51-9B67-02569A153208}
	EndGlobalSection
EndGlobal
